// !$*UTF8*$!
{
	archiveVersion = 1;
	classes = {
	};
	objectVersion = 50;
	objects = {

/* Begin PBXBuildFile section */
		7DF705532525BCBB00436870 /* AppDelegate.swift in Sources */ = {isa = PBXBuildFile; fileRef = 7DF705522525BCBB00436870 /* AppDelegate.swift */; };
		7DF705552525BCBB00436870 /* SceneDelegate.swift in Sources */ = {isa = PBXBuildFile; fileRef = 7DF705542525BCBB00436870 /* SceneDelegate.swift */; };
		7DF705572525BCBB00436870 /* ViewController.swift in Sources */ = {isa = PBXBuildFile; fileRef = 7DF705562525BCBB00436870 /* ViewController.swift */; };
		7DF7055A2525BCBB00436870 /* Main.storyboard in Resources */ = {isa = PBXBuildFile; fileRef = 7DF705582525BCBB00436870 /* Main.storyboard */; };
		7DF7055C2525BCBC00436870 /* Assets.xcassets in Resources */ = {isa = PBXBuildFile; fileRef = 7DF7055B2525BCBC00436870 /* Assets.xcassets */; };
		7DF7055F2525BCBC00436870 /* LaunchScreen.storyboard in Resources */ = {isa = PBXBuildFile; fileRef = 7DF7055D2525BCBC00436870 /* LaunchScreen.storyboard */; };
		7DF7056A2525BCBC00436870 /* tippyTests.swift in Sources */ = {isa = PBXBuildFile; fileRef = 7DF705692525BCBC00436870 /* tippyTests.swift */; };
		7DF705752525BCBC00436870 /* tippyUITests.swift in Sources */ = {isa = PBXBuildFile; fileRef = 7DF705742525BCBC00436870 /* tippyUITests.swift */; };
/* End PBXBuildFile section */

/* Begin PBXContainerItemProxy section */
		7DF705662525BCBC00436870 /* PBXContainerItemProxy */ = {
			isa = PBXContainerItemProxy;
			containerPortal = 7DF705472525BCBA00436870 /* Project object */;
			proxyType = 1;
			remoteGlobalIDString = 7DF7054E2525BCBA00436870;
			remoteInfo = tippy;
		};
		7DF705712525BCBC00436870 /* PBXContainerItemProxy */ = {
			isa = PBXContainerItemProxy;
			containerPortal = 7DF705472525BCBA00436870 /* Project object */;
			proxyType = 1;
			remoteGlobalIDString = 7DF7054E2525BCBA00436870;
			remoteInfo = tippy;
		};
/* End PBXContainerItemProxy section */

/* Begin PBXFileReference section */
		7DF7054F2525BCBB00436870 /* tippy.app */ = {isa = PBXFileReference; explicitFileType = wrapper.application; includeInIndex = 0; path = tippy.app; sourceTree = BUILT_PRODUCTS_DIR; };
		7DF705522525BCBB00436870 /* AppDelegate.swift */ = {isa = PBXFileReference; lastKnownFileType = sourcecode.swift; path = AppDelegate.swift; sourceTree = "<group>"; };
		7DF705542525BCBB00436870 /* SceneDelegate.swift */ = {isa = PBXFileReference; lastKnownFileType = sourcecode.swift; path = SceneDelegate.swift; sourceTree = "<group>"; };
		7DF705562525BCBB00436870 /* ViewController.swift */ = {isa = PBXFileReference; lastKnownFileType = sourcecode.swift; path = ViewController.swift; sourceTree = "<group>"; };
		7DF705592525BCBB00436870 /* Base */ = {isa = PBXFileReference; lastKnownFileType = file.storyboard; name = Base; path = Base.lproj/Main.storyboard; sourceTree = "<group>"; };
		7DF7055B2525BCBC00436870 /* Assets.xcassets */ = {isa = PBXFileReference; lastKnownFileType = folder.assetcatalog; path = Assets.xcassets; sourceTree = "<group>"; };
		7DF7055E2525BCBC00436870 /* Base */ = {isa = PBXFileReference; lastKnownFileType = file.storyboard; name = Base; path = Base.lproj/LaunchScreen.storyboard; sourceTree = "<group>"; };
		7DF705602525BCBC00436870 /* Info.plist */ = {isa = PBXFileReference; lastKnownFileType = text.plist.xml; path = Info.plist; sourceTree = "<group>"; };
		7DF705652525BCBC00436870 /* tippyTests.xctest */ = {isa = PBXFileReference; explicitFileType = wrapper.cfbundle; includeInIndex = 0; path = tippyTests.xctest; sourceTree = BUILT_PRODUCTS_DIR; };
		7DF705692525BCBC00436870 /* tippyTests.swift */ = {isa = PBXFileReference; lastKnownFileType = sourcecode.swift; path = tippyTests.swift; sourceTree = "<group>"; };
		7DF7056B2525BCBC00436870 /* Info.plist */ = {isa = PBXFileReference; lastKnownFileType = text.plist.xml; path = Info.plist; sourceTree = "<group>"; };
		7DF705702525BCBC00436870 /* tippyUITests.xctest */ = {isa = PBXFileReference; explicitFileType = wrapper.cfbundle; includeInIndex = 0; path = tippyUITests.xctest; sourceTree = BUILT_PRODUCTS_DIR; };
		7DF705742525BCBC00436870 /* tippyUITests.swift */ = {isa = PBXFileReference; lastKnownFileType = sourcecode.swift; path = tippyUITests.swift; sourceTree = "<group>"; };
		7DF705762525BCBC00436870 /* Info.plist */ = {isa = PBXFileReference; lastKnownFileType = text.plist.xml; path = Info.plist; sourceTree = "<group>"; };
/* End PBXFileReference section */

/* Begin PBXFrameworksBuildPhase section */
		7DF7054C2525BCBA00436870 /* Frameworks */ = {
			isa = PBXFrameworksBuildPhase;
			buildActionMask = 2147483647;
			files = (
			);
			runOnlyForDeploymentPostprocessing = 0;
		};
		7DF705622525BCBC00436870 /* Frameworks */ = {
			isa = PBXFrameworksBuildPhase;
			buildActionMask = 2147483647;
			files = (
			);
			runOnlyForDeploymentPostprocessing = 0;
		};
		7DF7056D2525BCBC00436870 /* Frameworks */ = {
			isa = PBXFrameworksBuildPhase;
			buildActionMask = 2147483647;
			files = (
			);
			runOnlyForDeploymentPostprocessing = 0;
		};
/* End PBXFrameworksBuildPhase section */

/* Begin PBXGroup section */
		7DF705462525BCBA00436870 = {
			isa = PBXGroup;
			children = (
				7DF705512525BCBB00436870 /* tippy */,
				7DF705682525BCBC00436870 /* tippyTests */,
				7DF705732525BCBC00436870 /* tippyUITests */,
				7DF705502525BCBB00436870 /* Products */,
			);
			sourceTree = "<group>";
		};
		7DF705502525BCBB00436870 /* Products */ = {
			isa = PBXGroup;
			children = (
				7DF7054F2525BCBB00436870 /* tippy.app */,
				7DF705652525BCBC00436870 /* tippyTests.xctest */,
				7DF705702525BCBC00436870 /* tippyUITests.xctest */,
			);
			name = Products;
			sourceTree = "<group>";
		};
		7DF705512525BCBB00436870 /* tippy */ = {
			isa = PBXGroup;
			children = (
				7DF705522525BCBB00436870 /* AppDelegate.swift */,
				7DF705542525BCBB00436870 /* SceneDelegate.swift */,
				7DF705562525BCBB00436870 /* ViewController.swift */,
				7DF705582525BCBB00436870 /* Main.storyboard */,
				7DF7055B2525BCBC00436870 /* Assets.xcassets */,
				7DF7055D2525BCBC00436870 /* LaunchScreen.storyboard */,
				7DF705602525BCBC00436870 /* Info.plist */,
			);
			path = tippy;
			sourceTree = "<group>";
		};
		7DF705682525BCBC00436870 /* tippyTests */ = {
			isa = PBXGroup;
			children = (
				7DF705692525BCBC00436870 /* tippyTests.swift */,
				7DF7056B2525BCBC00436870 /* Info.plist */,
			);
			path = tippyTests;
			sourceTree = "<group>";
		};
		7DF705732525BCBC00436870 /* tippyUITests */ = {
			isa = PBXGroup;
			children = (
				7DF705742525BCBC00436870 /* tippyUITests.swift */,
				7DF705762525BCBC00436870 /* Info.plist */,
			);
			path = tippyUITests;
			sourceTree = "<group>";
		};
/* End PBXGroup section */

/* Begin PBXNativeTarget section */
		7DF7054E2525BCBA00436870 /* tippy */ = {
			isa = PBXNativeTarget;
			buildConfigurationList = 7DF705792525BCBC00436870 /* Build configuration list for PBXNativeTarget "tippy" */;
			buildPhases = (
				7DF7054B2525BCBA00436870 /* Sources */,
				7DF7054C2525BCBA00436870 /* Frameworks */,
				7DF7054D2525BCBA00436870 /* Resources */,
			);
			buildRules = (
			);
			dependencies = (
			);
			name = tippy;
			productName = tippy;
			productReference = 7DF7054F2525BCBB00436870 /* tippy.app */;
			productType = "com.apple.product-type.application";
		};
		7DF705642525BCBC00436870 /* tippyTests */ = {
			isa = PBXNativeTarget;
			buildConfigurationList = 7DF7057C2525BCBC00436870 /* Build configuration list for PBXNativeTarget "tippyTests" */;
			buildPhases = (
				7DF705612525BCBC00436870 /* Sources */,
				7DF705622525BCBC00436870 /* Frameworks */,
				7DF705632525BCBC00436870 /* Resources */,
			);
			buildRules = (
			);
			dependencies = (
				7DF705672525BCBC00436870 /* PBXTargetDependency */,
			);
			name = tippyTests;
			productName = tippyTests;
			productReference = 7DF705652525BCBC00436870 /* tippyTests.xctest */;
			productType = "com.apple.product-type.bundle.unit-test";
		};
		7DF7056F2525BCBC00436870 /* tippyUITests */ = {
			isa = PBXNativeTarget;
			buildConfigurationList = 7DF7057F2525BCBC00436870 /* Build configuration list for PBXNativeTarget "tippyUITests" */;
			buildPhases = (
				7DF7056C2525BCBC00436870 /* Sources */,
				7DF7056D2525BCBC00436870 /* Frameworks */,
				7DF7056E2525BCBC00436870 /* Resources */,
			);
			buildRules = (
			);
			dependencies = (
				7DF705722525BCBC00436870 /* PBXTargetDependency */,
			);
			name = tippyUITests;
			productName = tippyUITests;
			productReference = 7DF705702525BCBC00436870 /* tippyUITests.xctest */;
			productType = "com.apple.product-type.bundle.ui-testing";
		};
/* End PBXNativeTarget section */

/* Begin PBXProject section */
		7DF705472525BCBA00436870 /* Project object */ = {
			isa = PBXProject;
			attributes = {
				LastSwiftUpdateCheck = 1200;
				LastUpgradeCheck = 1200;
				TargetAttributes = {
					7DF7054E2525BCBA00436870 = {
						CreatedOnToolsVersion = 12.0.1;
					};
					7DF705642525BCBC00436870 = {
						CreatedOnToolsVersion = 12.0.1;
						TestTargetID = 7DF7054E2525BCBA00436870;
					};
					7DF7056F2525BCBC00436870 = {
						CreatedOnToolsVersion = 12.0.1;
						TestTargetID = 7DF7054E2525BCBA00436870;
					};
				};
			};
			buildConfigurationList = 7DF7054A2525BCBA00436870 /* Build configuration list for PBXProject "tippy" */;
			compatibilityVersion = "Xcode 9.3";
			developmentRegion = en;
			hasScannedForEncodings = 0;
			knownRegions = (
				en,
				Base,
			);
			mainGroup = 7DF705462525BCBA00436870;
			productRefGroup = 7DF705502525BCBB00436870 /* Products */;
			projectDirPath = "";
			projectRoot = "";
			targets = (
				7DF7054E2525BCBA00436870 /* tippy */,
				7DF705642525BCBC00436870 /* tippyTests */,
				7DF7056F2525BCBC00436870 /* tippyUITests */,
			);
		};
/* End PBXProject section */

/* Begin PBXResourcesBuildPhase section */
		7DF7054D2525BCBA00436870 /* Resources */ = {
			isa = PBXResourcesBuildPhase;
			buildActionMask = 2147483647;
			files = (
				7DF7055F2525BCBC00436870 /* LaunchScreen.storyboard in Resources */,
				7DF7055C2525BCBC00436870 /* Assets.xcassets in Resources */,
				7DF7055A2525BCBB00436870 /* Main.storyboard in Resources */,
			);
			runOnlyForDeploymentPostprocessing = 0;
		};
		7DF705632525BCBC00436870 /* Resources */ = {
			isa = PBXResourcesBuildPhase;
			buildActionMask = 2147483647;
			files = (
			);
			runOnlyForDeploymentPostprocessing = 0;
		};
		7DF7056E2525BCBC00436870 /* Resources */ = {
			isa = PBXResourcesBuildPhase;
			buildActionMask = 2147483647;
			files = (
			);
			runOnlyForDeploymentPostprocessing = 0;
		};
/* End PBXResourcesBuildPhase section */

/* Begin PBXSourcesBuildPhase section */
		7DF7054B2525BCBA00436870 /* Sources */ = {
			isa = PBXSourcesBuildPhase;
			buildActionMask = 2147483647;
			files = (
				7DF705572525BCBB00436870 /* ViewController.swift in Sources */,
				7DF705532525BCBB00436870 /* AppDelegate.swift in Sources */,
				7DF705552525BCBB00436870 /* SceneDelegate.swift in Sources */,
			);
			runOnlyForDeploymentPostprocessing = 0;
		};
		7DF705612525BCBC00436870 /* Sources */ = {
			isa = PBXSourcesBuildPhase;
			buildActionMask = 2147483647;
			files = (
				7DF7056A2525BCBC00436870 /* tippyTests.swift in Sources */,
			);
			runOnlyForDeploymentPostprocessing = 0;
		};
		7DF7056C2525BCBC00436870 /* Sources */ = {
			isa = PBXSourcesBuildPhase;
			buildActionMask = 2147483647;
			files = (
				7DF705752525BCBC00436870 /* tippyUITests.swift in Sources */,
			);
			runOnlyForDeploymentPostprocessing = 0;
		};
/* End PBXSourcesBuildPhase section */

/* Begin PBXTargetDependency section */
		7DF705672525BCBC00436870 /* PBXTargetDependency */ = {
			isa = PBXTargetDependency;
			target = 7DF7054E2525BCBA00436870 /* tippy */;
			targetProxy = 7DF705662525BCBC00436870 /* PBXContainerItemProxy */;
		};
		7DF705722525BCBC00436870 /* PBXTargetDependency */ = {
			isa = PBXTargetDependency;
			target = 7DF7054E2525BCBA00436870 /* tippy */;
			targetProxy = 7DF705712525BCBC00436870 /* PBXContainerItemProxy */;
		};
/* End PBXTargetDependency section */

/* Begin PBXVariantGroup section */
		7DF705582525BCBB00436870 /* Main.storyboard */ = {
			isa = PBXVariantGroup;
			children = (
				7DF705592525BCBB00436870 /* Base */,
			);
			name = Main.storyboard;
			sourceTree = "<group>";
		};
		7DF7055D2525BCBC00436870 /* LaunchScreen.storyboard */ = {
			isa = PBXVariantGroup;
			children = (
				7DF7055E2525BCBC00436870 /* Base */,
			);
			name = LaunchScreen.storyboard;
			sourceTree = "<group>";
		};
/* End PBXVariantGroup section */

/* Begin XCBuildConfiguration section */
		7DF705772525BCBC00436870 /* Debug */ = {
			isa = XCBuildConfiguration;
			buildSettings = {
				ALWAYS_SEARCH_USER_PATHS = NO;
				CLANG_ANALYZER_NONNULL = YES;
				CLANG_ANALYZER_NUMBER_OBJECT_CONVERSION = YES_AGGRESSIVE;
				CLANG_CXX_LANGUAGE_STANDARD = "gnu++14";
				CLANG_CXX_LIBRARY = "libc++";
				CLANG_ENABLE_MODULES = YES;
				CLANG_ENABLE_OBJC_ARC = YES;
				CLANG_ENABLE_OBJC_WEAK = YES;
				CLANG_WARN_BLOCK_CAPTURE_AUTORELEASING = YES;
				CLANG_WARN_BOOL_CONVERSION = YES;
				CLANG_WARN_COMMA = YES;
				CLANG_WARN_CONSTANT_CONVERSION = YES;
				CLANG_WARN_DEPRECATED_OBJC_IMPLEMENTATIONS = YES;
				CLANG_WARN_DIRECT_OBJC_ISA_USAGE = YES_ERROR;
				CLANG_WARN_DOCUMENTATION_COMMENTS = YES;
				CLANG_WARN_EMPTY_BODY = YES;
				CLANG_WARN_ENUM_CONVERSION = YES;
				CLANG_WARN_INFINITE_RECURSION = YES;
				CLANG_WARN_INT_CONVERSION = YES;
				CLANG_WARN_NON_LITERAL_NULL_CONVERSION = YES;
				CLANG_WARN_OBJC_IMPLICIT_RETAIN_SELF = YES;
				CLANG_WARN_OBJC_LITERAL_CONVERSION = YES;
				CLANG_WARN_OBJC_ROOT_CLASS = YES_ERROR;
				CLANG_WARN_QUOTED_INCLUDE_IN_FRAMEWORK_HEADER = YES;
				CLANG_WARN_RANGE_LOOP_ANALYSIS = YES;
				CLANG_WARN_STRICT_PROTOTYPES = YES;
				CLANG_WARN_SUSPICIOUS_MOVE = YES;
				CLANG_WARN_UNGUARDED_AVAILABILITY = YES_AGGRESSIVE;
				CLANG_WARN_UNREACHABLE_CODE = YES;
				CLANG_WARN__DUPLICATE_METHOD_MATCH = YES;
				COPY_PHASE_STRIP = NO;
				DEBUG_INFORMATION_FORMAT = dwarf;
				ENABLE_STRICT_OBJC_MSGSEND = YES;
				ENABLE_TESTABILITY = YES;
				GCC_C_LANGUAGE_STANDARD = gnu11;
				GCC_DYNAMIC_NO_PIC = NO;
				GCC_NO_COMMON_BLOCKS = YES;
				GCC_OPTIMIZATION_LEVEL = 0;
				GCC_PREPROCESSOR_DEFINITIONS = (
					"DEBUG=1",
					"$(inherited)",
				);
				GCC_WARN_64_TO_32_BIT_CONVERSION = YES;
				GCC_WARN_ABOUT_RETURN_TYPE = YES_ERROR;
				GCC_WARN_UNDECLARED_SELECTOR = YES;
				GCC_WARN_UNINITIALIZED_AUTOS = YES_AGGRESSIVE;
				GCC_WARN_UNUSED_FUNCTION = YES;
				GCC_WARN_UNUSED_VARIABLE = YES;
				IPHONEOS_DEPLOYMENT_TARGET = 14.0;
				MTL_ENABLE_DEBUG_INFO = INCLUDE_SOURCE;
				MTL_FAST_MATH = YES;
				ONLY_ACTIVE_ARCH = YES;
				SDKROOT = iphoneos;
				SWIFT_ACTIVE_COMPILATION_CONDITIONS = DEBUG;
				SWIFT_OPTIMIZATION_LEVEL = "-Onone";
			};
			name = Debug;
		};
		7DF705782525BCBC00436870 /* Release */ = {
			isa = XCBuildConfiguration;
			buildSettings = {
				ALWAYS_SEARCH_USER_PATHS = NO;
				CLANG_ANALYZER_NONNULL = YES;
				CLANG_ANALYZER_NUMBER_OBJECT_CONVERSION = YES_AGGRESSIVE;
				CLANG_CXX_LANGUAGE_STANDARD = "gnu++14";
				CLANG_CXX_LIBRARY = "libc++";
				CLANG_ENABLE_MODULES = YES;
				CLANG_ENABLE_OBJC_ARC = YES;
				CLANG_ENABLE_OBJC_WEAK = YES;
				CLANG_WARN_BLOCK_CAPTURE_AUTORELEASING = YES;
				CLANG_WARN_BOOL_CONVERSION = YES;
				CLANG_WARN_COMMA = YES;
				CLANG_WARN_CONSTANT_CONVERSION = YES;
				CLANG_WARN_DEPRECATED_OBJC_IMPLEMENTATIONS = YES;
				CLANG_WARN_DIRECT_OBJC_ISA_USAGE = YES_ERROR;
				CLANG_WARN_DOCUMENTATION_COMMENTS = YES;
				CLANG_WARN_EMPTY_BODY = YES;
				CLANG_WARN_ENUM_CONVERSION = YES;
				CLANG_WARN_INFINITE_RECURSION = YES;
				CLANG_WARN_INT_CONVERSION = YES;
				CLANG_WARN_NON_LITERAL_NULL_CONVERSION = YES;
				CLANG_WARN_OBJC_IMPLICIT_RETAIN_SELF = YES;
				CLANG_WARN_OBJC_LITERAL_CONVERSION = YES;
				CLANG_WARN_OBJC_ROOT_CLASS = YES_ERROR;
				CLANG_WARN_QUOTED_INCLUDE_IN_FRAMEWORK_HEADER = YES;
				CLANG_WARN_RANGE_LOOP_ANALYSIS = YES;
				CLANG_WARN_STRICT_PROTOTYPES = YES;
				CLANG_WARN_SUSPICIOUS_MOVE = YES;
				CLANG_WARN_UNGUARDED_AVAILABILITY = YES_AGGRESSIVE;
				CLANG_WARN_UNREACHABLE_CODE = YES;
				CLANG_WARN__DUPLICATE_METHOD_MATCH = YES;
				COPY_PHASE_STRIP = NO;
				DEBUG_INFORMATION_FORMAT = "dwarf-with-dsym";
				ENABLE_NS_ASSERTIONS = NO;
				ENABLE_STRICT_OBJC_MSGSEND = YES;
				GCC_C_LANGUAGE_STANDARD = gnu11;
				GCC_NO_COMMON_BLOCKS = YES;
				GCC_WARN_64_TO_32_BIT_CONVERSION = YES;
				GCC_WARN_ABOUT_RETURN_TYPE = YES_ERROR;
				GCC_WARN_UNDECLARED_SELECTOR = YES;
				GCC_WARN_UNINITIALIZED_AUTOS = YES_AGGRESSIVE;
				GCC_WARN_UNUSED_FUNCTION = YES;
				GCC_WARN_UNUSED_VARIABLE = YES;
				IPHONEOS_DEPLOYMENT_TARGET = 14.0;
				MTL_ENABLE_DEBUG_INFO = NO;
				MTL_FAST_MATH = YES;
				SDKROOT = iphoneos;
				SWIFT_COMPILATION_MODE = wholemodule;
				SWIFT_OPTIMIZATION_LEVEL = "-O";
				VALIDATE_PRODUCT = YES;
			};
			name = Release;
		};
		7DF7057A2525BCBC00436870 /* Debug */ = {
			isa = XCBuildConfiguration;
			buildSettings = {
				ASSETCATALOG_COMPILER_APPICON_NAME = AppIcon;
				ASSETCATALOG_COMPILER_GLOBAL_ACCENT_COLOR_NAME = AccentColor;
				CODE_SIGN_STYLE = Automatic;
				INFOPLIST_FILE = tippy/Info.plist;
				LD_RUNPATH_SEARCH_PATHS = (
					"$(inherited)",
					"@executable_path/Frameworks",
				);
				PRODUCT_BUNDLE_IDENTIFIER = coepath.tippy;
				PRODUCT_NAME = "$(TARGET_NAME)";
				SWIFT_VERSION = 5.0;
				TARGETED_DEVICE_FAMILY = "1,2";
			};
			name = Debug;
		};
		7DF7057B2525BCBC00436870 /* Release */ = {
			isa = XCBuildConfiguration;
			buildSettings = {
				ASSETCATALOG_COMPILER_APPICON_NAME = AppIcon;
				ASSETCATALOG_COMPILER_GLOBAL_ACCENT_COLOR_NAME = AccentColor;
				CODE_SIGN_STYLE = Automatic;
				INFOPLIST_FILE = tippy/Info.plist;
				LD_RUNPATH_SEARCH_PATHS = (
					"$(inherited)",
					"@executable_path/Frameworks",
				);
				PRODUCT_BUNDLE_IDENTIFIER = coepath.tippy;
				PRODUCT_NAME = "$(TARGET_NAME)";
				SWIFT_VERSION = 5.0;
				TARGETED_DEVICE_FAMILY = "1,2";
			};
			name = Release;
		};
		7DF7057D2525BCBC00436870 /* Debug */ = {
			isa = XCBuildConfiguration;
			buildSettings = {
				ALWAYS_EMBED_SWIFT_STANDARD_LIBRARIES = YES;
				BUNDLE_LOADER = "$(TEST_HOST)";
				CODE_SIGN_STYLE = Automatic;
				INFOPLIST_FILE = tippyTests/Info.plist;
				IPHONEOS_DEPLOYMENT_TARGET = 14.0;
				LD_RUNPATH_SEARCH_PATHS = (
					"$(inherited)",
					"@executable_path/Frameworks",
					"@loader_path/Frameworks",
				);
				PRODUCT_BUNDLE_IDENTIFIER = coepath.tippyTests;
				PRODUCT_NAME = "$(TARGET_NAME)";
				SWIFT_VERSION = 5.0;
				TARGETED_DEVICE_FAMILY = "1,2";
				TEST_HOST = "$(BUILT_PRODUCTS_DIR)/tippy.app/tippy";
			};
			name = Debug;
		};
		7DF7057E2525BCBC00436870 /* Release */ = {
			isa = XCBuildConfiguration;
			buildSettings = {
				ALWAYS_EMBED_SWIFT_STANDARD_LIBRARIES = YES;
				BUNDLE_LOADER = "$(TEST_HOST)";
				CODE_SIGN_STYLE = Automatic;
				INFOPLIST_FILE = tippyTests/Info.plist;
				IPHONEOS_DEPLOYMENT_TARGET = 14.0;
				LD_RUNPATH_SEARCH_PATHS = (
					"$(inherited)",
					"@executable_path/Frameworks",
					"@loader_path/Frameworks",
				);
				PRODUCT_BUNDLE_IDENTIFIER = coepath.tippyTests;
				PRODUCT_NAME = "$(TARGET_NAME)";
				SWIFT_VERSION = 5.0;
				TARGETED_DEVICE_FAMILY = "1,2";
				TEST_HOST = "$(BUILT_PRODUCTS_DIR)/tippy.app/tippy";
			};
			name = Release;
		};
		7DF705802525BCBC00436870 /* Debug */ = {
			isa = XCBuildConfiguration;
			buildSettings = {
				ALWAYS_EMBED_SWIFT_STANDARD_LIBRARIES = YES;
				CODE_SIGN_STYLE = Automatic;
				INFOPLIST_FILE = tippyUITests/Info.plist;
				LD_RUNPATH_SEARCH_PATHS = (
					"$(inherited)",
					"@executable_path/Frameworks",
					"@loader_path/Frameworks",
				);
				PRODUCT_BUNDLE_IDENTIFIER = coepath.tippyUITests;
				PRODUCT_NAME = "$(TARGET_NAME)";
				SWIFT_VERSION = 5.0;
				TARGETED_DEVICE_FAMILY = "1,2";
				TEST_TARGET_NAME = tippy;
			};
			name = Debug;
		};
		7DF705812525BCBC00436870 /* Release */ = {
			isa = XCBuildConfiguration;
			buildSettings = {
				ALWAYS_EMBED_SWIFT_STANDARD_LIBRARIES = YES;
				CODE_SIGN_STYLE = Automatic;
				INFOPLIST_FILE = tippyUITests/Info.plist;
				LD_RUNPATH_SEARCH_PATHS = (
					"$(inherited)",
					"@executable_path/Frameworks",
					"@loader_path/Frameworks",
				);
				PRODUCT_BUNDLE_IDENTIFIER = coepath.tippyUITests;
				PRODUCT_NAME = "$(TARGET_NAME)";
				SWIFT_VERSION = 5.0;
				TARGETED_DEVICE_FAMILY = "1,2";
				TEST_TARGET_NAME = tippy;
			};
			name = Release;
		};
/* End XCBuildConfiguration section */

/* Begin XCConfigurationList section */
		7DF7054A2525BCBA00436870 /* Build configuration list for PBXProject "tippy" */ = {
			isa = XCConfigurationList;
			buildConfigurations = (
				7DF705772525BCBC00436870 /* Debug */,
				7DF705782525BCBC00436870 /* Release */,
			);
			defaultConfigurationIsVisible = 0;
			defaultConfigurationName = Release;
		};
		7DF705792525BCBC00436870 /* Build configuration list for PBXNativeTarget "tippy" */ = {
			isa = XCConfigurationList;
			buildConfigurations = (
				7DF7057A2525BCBC00436870 /* Debug */,
				7DF7057B2525BCBC00436870 /* Release */,
			);
			defaultConfigurationIsVisible = 0;
			defaultConfigurationName = Release;
		};
		7DF7057C2525BCBC00436870 /* Build configuration list for PBXNativeTarget "tippyTests" */ = {
			isa = XCConfigurationList;
			buildConfigurations = (
				7DF7057D2525BCBC00436870 /* Debug */,
				7DF7057E2525BCBC00436870 /* Release */,
			);
			defaultConfigurationIsVisible = 0;
			defaultConfigurationName = Release;
		};
		7DF7057F2525BCBC00436870 /* Build configuration list for PBXNativeTarget "tippyUITests" */ = {
			isa = XCConfigurationList;
			buildConfigurations = (
				7DF705802525BCBC00436870 /* Debug */,
				7DF705812525BCBC00436870 /* Release */,
			);
			defaultConfigurationIsVisible = 0;
			defaultConfigurationName = Release;
		};
/* End XCConfigurationList section */
	};
	rootObject = 7DF705472525BCBA00436870 /* Project object */;
}
